// !$*UTF8*$!
{
	archiveVersion = 1;
	classes = {
	};
	objectVersion = 50;
	objects = {

/* Begin PBXBuildFile section */
		02AB3020222D9B75005F02AB /* AppDelegate.swift in Sources */ = {isa = PBXBuildFile; fileRef = 02AB301F222D9B75005F02AB /* AppDelegate.swift */; };
		02AB3025222D9B75005F02AB /* Main.storyboard in Resources */ = {isa = PBXBuildFile; fileRef = 02AB3023222D9B75005F02AB /* Main.storyboard */; };
		02AB3027222D9B76005F02AB /* Assets.xcassets in Resources */ = {isa = PBXBuildFile; fileRef = 02AB3026222D9B76005F02AB /* Assets.xcassets */; };
		02AB302A222D9B76005F02AB /* LaunchScreen.storyboard in Resources */ = {isa = PBXBuildFile; fileRef = 02AB3028222D9B76005F02AB /* LaunchScreen.storyboard */; };
		02AB3035222D9B76005F02AB /* ColorTests.swift in Sources */ = {isa = PBXBuildFile; fileRef = 02AB3034222D9B76005F02AB /* ColorTests.swift */; };
		02AB3040222D9B76005F02AB /* ColorUITests.swift in Sources */ = {isa = PBXBuildFile; fileRef = 02AB303F222D9B76005F02AB /* ColorUITests.swift */; };
		02D655AF222F009700AD330A /* ColorViewController.swift in Sources */ = {isa = PBXBuildFile; fileRef = 02D655AE222F009700AD330A /* ColorViewController.swift */; };
/* End PBXBuildFile section */

/* Begin PBXContainerItemProxy section */
		02AB3031222D9B76005F02AB /* PBXContainerItemProxy */ = {
			isa = PBXContainerItemProxy;
			containerPortal = 02AB3014222D9B75005F02AB /* Project object */;
			proxyType = 1;
			remoteGlobalIDString = 02AB301B222D9B75005F02AB;
			remoteInfo = Color;
		};
		02AB303C222D9B76005F02AB /* PBXContainerItemProxy */ = {
			isa = PBXContainerItemProxy;
			containerPortal = 02AB3014222D9B75005F02AB /* Project object */;
			proxyType = 1;
			remoteGlobalIDString = 02AB301B222D9B75005F02AB;
			remoteInfo = Color;
		};
/* End PBXContainerItemProxy section */

/* Begin PBXFileReference section */
		02AB301C222D9B75005F02AB /* Color.app */ = {isa = PBXFileReference; explicitFileType = wrapper.application; includeInIndex = 0; path = Color.app; sourceTree = BUILT_PRODUCTS_DIR; };
		02AB301F222D9B75005F02AB /* AppDelegate.swift */ = {isa = PBXFileReference; lastKnownFileType = sourcecode.swift; path = AppDelegate.swift; sourceTree = "<group>"; };
		02AB3024222D9B75005F02AB /* Base */ = {isa = PBXFileReference; lastKnownFileType = file.storyboard; name = Base; path = Base.lproj/Main.storyboard; sourceTree = "<group>"; };
		02AB3026222D9B76005F02AB /* Assets.xcassets */ = {isa = PBXFileReference; lastKnownFileType = folder.assetcatalog; path = Assets.xcassets; sourceTree = "<group>"; };
		02AB3029222D9B76005F02AB /* Base */ = {isa = PBXFileReference; lastKnownFileType = file.storyboard; name = Base; path = Base.lproj/LaunchScreen.storyboard; sourceTree = "<group>"; };
		02AB302B222D9B76005F02AB /* Info.plist */ = {isa = PBXFileReference; lastKnownFileType = text.plist.xml; path = Info.plist; sourceTree = "<group>"; };
		02AB3030222D9B76005F02AB /* ColorTests.xctest */ = {isa = PBXFileReference; explicitFileType = wrapper.cfbundle; includeInIndex = 0; path = ColorTests.xctest; sourceTree = BUILT_PRODUCTS_DIR; };
		02AB3034222D9B76005F02AB /* ColorTests.swift */ = {isa = PBXFileReference; lastKnownFileType = sourcecode.swift; path = ColorTests.swift; sourceTree = "<group>"; };
		02AB3036222D9B76005F02AB /* Info.plist */ = {isa = PBXFileReference; lastKnownFileType = text.plist.xml; path = Info.plist; sourceTree = "<group>"; };
		02AB303B222D9B76005F02AB /* ColorUITests.xctest */ = {isa = PBXFileReference; explicitFileType = wrapper.cfbundle; includeInIndex = 0; path = ColorUITests.xctest; sourceTree = BUILT_PRODUCTS_DIR; };
		02AB303F222D9B76005F02AB /* ColorUITests.swift */ = {isa = PBXFileReference; lastKnownFileType = sourcecode.swift; path = ColorUITests.swift; sourceTree = "<group>"; };
		02AB3041222D9B76005F02AB /* Info.plist */ = {isa = PBXFileReference; lastKnownFileType = text.plist.xml; path = Info.plist; sourceTree = "<group>"; };
		02D655AE222F009700AD330A /* ColorViewController.swift */ = {isa = PBXFileReference; lastKnownFileType = sourcecode.swift; path = ColorViewController.swift; sourceTree = "<group>"; };
/* End PBXFileReference section */

/* Begin PBXFrameworksBuildPhase section */
		02AB3019222D9B75005F02AB /* Frameworks */ = {
			isa = PBXFrameworksBuildPhase;
			buildActionMask = 2147483647;
			files = (
			);
			runOnlyForDeploymentPostprocessing = 0;
		};
		02AB302D222D9B76005F02AB /* Frameworks */ = {
			isa = PBXFrameworksBuildPhase;
			buildActionMask = 2147483647;
			files = (
			);
			runOnlyForDeploymentPostprocessing = 0;
		};
		02AB3038222D9B76005F02AB /* Frameworks */ = {
			isa = PBXFrameworksBuildPhase;
			buildActionMask = 2147483647;
			files = (
			);
			runOnlyForDeploymentPostprocessing = 0;
		};
/* End PBXFrameworksBuildPhase section */

/* Begin PBXGroup section */
		02AB3013222D9B75005F02AB = {
			isa = PBXGroup;
			children = (
				02AB301E222D9B75005F02AB /* Color */,
				02AB3033222D9B76005F02AB /* ColorTests */,
				02AB303E222D9B76005F02AB /* ColorUITests */,
				02AB301D222D9B75005F02AB /* Products */,
			);
			sourceTree = "<group>";
		};
		02AB301D222D9B75005F02AB /* Products */ = {
			isa = PBXGroup;
			children = (
				02AB301C222D9B75005F02AB /* Color.app */,
				02AB3030222D9B76005F02AB /* ColorTests.xctest */,
				02AB303B222D9B76005F02AB /* ColorUITests.xctest */,
			);
			name = Products;
			sourceTree = "<group>";
		};
		02AB301E222D9B75005F02AB /* Color */ = {
			isa = PBXGroup;
			children = (
				02AB301F222D9B75005F02AB /* AppDelegate.swift */,
				02D655AE222F009700AD330A /* ColorViewController.swift */,
				02AB3023222D9B75005F02AB /* Main.storyboard */,
				02AB3026222D9B76005F02AB /* Assets.xcassets */,
				02AB3028222D9B76005F02AB /* LaunchScreen.storyboard */,
				02AB302B222D9B76005F02AB /* Info.plist */,
			);
			path = Color;
			sourceTree = "<group>";
		};
		02AB3033222D9B76005F02AB /* ColorTests */ = {
			isa = PBXGroup;
			children = (
				02AB3034222D9B76005F02AB /* ColorTests.swift */,
				02AB3036222D9B76005F02AB /* Info.plist */,
			);
			path = ColorTests;
			sourceTree = "<group>";
		};
		02AB303E222D9B76005F02AB /* ColorUITests */ = {
			isa = PBXGroup;
			children = (
				02AB303F222D9B76005F02AB /* ColorUITests.swift */,
				02AB3041222D9B76005F02AB /* Info.plist */,
			);
			path = ColorUITests;
			sourceTree = "<group>";
		};
/* End PBXGroup section */

/* Begin PBXNativeTarget section */
		02AB301B222D9B75005F02AB /* Color */ = {
			isa = PBXNativeTarget;
			buildConfigurationList = 02AB3044222D9B76005F02AB /* Build configuration list for PBXNativeTarget "Color" */;
			buildPhases = (
				02AB3018222D9B75005F02AB /* Sources */,
				02AB3019222D9B75005F02AB /* Frameworks */,
				02AB301A222D9B75005F02AB /* Resources */,
			);
			buildRules = (
			);
			dependencies = (
			);
			name = Color;
			productName = Color;
			productReference = 02AB301C222D9B75005F02AB /* Color.app */;
			productType = "com.apple.product-type.application";
		};
		02AB302F222D9B76005F02AB /* ColorTests */ = {
			isa = PBXNativeTarget;
			buildConfigurationList = 02AB3047222D9B76005F02AB /* Build configuration list for PBXNativeTarget "ColorTests" */;
			buildPhases = (
				02AB302C222D9B76005F02AB /* Sources */,
				02AB302D222D9B76005F02AB /* Frameworks */,
				02AB302E222D9B76005F02AB /* Resources */,
			);
			buildRules = (
			);
			dependencies = (
				02AB3032222D9B76005F02AB /* PBXTargetDependency */,
			);
			name = ColorTests;
			productName = ColorTests;
			productReference = 02AB3030222D9B76005F02AB /* ColorTests.xctest */;
			productType = "com.apple.product-type.bundle.unit-test";
		};
		02AB303A222D9B76005F02AB /* ColorUITests */ = {
			isa = PBXNativeTarget;
			buildConfigurationList = 02AB304A222D9B76005F02AB /* Build configuration list for PBXNativeTarget "ColorUITests" */;
			buildPhases = (
				02AB3037222D9B76005F02AB /* Sources */,
				02AB3038222D9B76005F02AB /* Frameworks */,
				02AB3039222D9B76005F02AB /* Resources */,
			);
			buildRules = (
			);
			dependencies = (
				02AB303D222D9B76005F02AB /* PBXTargetDependency */,
			);
			name = ColorUITests;
			productName = ColorUITests;
			productReference = 02AB303B222D9B76005F02AB /* ColorUITests.xctest */;
			productType = "com.apple.product-type.bundle.ui-testing";
		};
/* End PBXNativeTarget section */

/* Begin PBXProject section */
		02AB3014222D9B75005F02AB /* Project object */ = {
			isa = PBXProject;
			attributes = {
				LastSwiftUpdateCheck = 1010;
				LastUpgradeCheck = 1010;
				ORGANIZATIONNAME = "Knobel, Niklas (MU-Student)";
				TargetAttributes = {
					02AB301B222D9B75005F02AB = {
						CreatedOnToolsVersion = 10.1;
					};
					02AB302F222D9B76005F02AB = {
						CreatedOnToolsVersion = 10.1;
						TestTargetID = 02AB301B222D9B75005F02AB;
					};
					02AB303A222D9B76005F02AB = {
						CreatedOnToolsVersion = 10.1;
						TestTargetID = 02AB301B222D9B75005F02AB;
					};
				};
			};
			buildConfigurationList = 02AB3017222D9B75005F02AB /* Build configuration list for PBXProject "Color" */;
			compatibilityVersion = "Xcode 9.3";
			developmentRegion = en;
			hasScannedForEncodings = 0;
			knownRegions = (
				en,
				Base,
			);
			mainGroup = 02AB3013222D9B75005F02AB;
			productRefGroup = 02AB301D222D9B75005F02AB /* Products */;
			projectDirPath = "";
			projectRoot = "";
			targets = (
				02AB301B222D9B75005F02AB /* Color */,
				02AB302F222D9B76005F02AB /* ColorTests */,
				02AB303A222D9B76005F02AB /* ColorUITests */,
			);
		};
/* End PBXProject section */

/* Begin PBXResourcesBuildPhase section */
		02AB301A222D9B75005F02AB /* Resources */ = {
			isa = PBXResourcesBuildPhase;
			buildActionMask = 2147483647;
			files = (
				02AB302A222D9B76005F02AB /* LaunchScreen.storyboard in Resources */,
				02AB3027222D9B76005F02AB /* Assets.xcassets in Resources */,
				02AB3025222D9B75005F02AB /* Main.storyboard in Resources */,
			);
			runOnlyForDeploymentPostprocessing = 0;
		};
		02AB302E222D9B76005F02AB /* Resources */ = {
			isa = PBXResourcesBuildPhase;
			buildActionMask = 2147483647;
			files = (
			);
			runOnlyForDeploymentPostprocessing = 0;
		};
		02AB3039222D9B76005F02AB /* Resources */ = {
			isa = PBXResourcesBuildPhase;
			buildActionMask = 2147483647;
			files = (
			);
			runOnlyForDeploymentPostprocessing = 0;
		};
/* End PBXResourcesBuildPhase section */

/* Begin PBXSourcesBuildPhase section */
		02AB3018222D9B75005F02AB /* Sources */ = {
			isa = PBXSourcesBuildPhase;
			buildActionMask = 2147483647;
			files = (
				02D655AF222F009700AD330A /* ColorViewController.swift in Sources */,
				02AB3020222D9B75005F02AB /* AppDelegate.swift in Sources */,
			);
			runOnlyForDeploymentPostprocessing = 0;
		};
		02AB302C222D9B76005F02AB /* Sources */ = {
			isa = PBXSourcesBuildPhase;
			buildActionMask = 2147483647;
			files = (
				02AB3035222D9B76005F02AB /* ColorTests.swift in Sources */,
			);
			runOnlyForDeploymentPostprocessing = 0;
		};
		02AB3037222D9B76005F02AB /* Sources */ = {
			isa = PBXSourcesBuildPhase;
			buildActionMask = 2147483647;
			files = (
				02AB3040222D9B76005F02AB /* ColorUITests.swift in Sources */,
			);
			runOnlyForDeploymentPostprocessing = 0;
		};
/* End PBXSourcesBuildPhase section */

/* Begin PBXTargetDependency section */
		02AB3032222D9B76005F02AB /* PBXTargetDependency */ = {
			isa = PBXTargetDependency;
			target = 02AB301B222D9B75005F02AB /* Color */;
			targetProxy = 02AB3031222D9B76005F02AB /* PBXContainerItemProxy */;
		};
		02AB303D222D9B76005F02AB /* PBXTargetDependency */ = {
			isa = PBXTargetDependency;
			target = 02AB301B222D9B75005F02AB /* Color */;
			targetProxy = 02AB303C222D9B76005F02AB /* PBXContainerItemProxy */;
		};
/* End PBXTargetDependency section */

/* Begin PBXVariantGroup section */
		02AB3023222D9B75005F02AB /* Main.storyboard */ = {
			isa = PBXVariantGroup;
			children = (
				02AB3024222D9B75005F02AB /* Base */,
			);
			name = Main.storyboard;
			sourceTree = "<group>";
		};
		02AB3028222D9B76005F02AB /* LaunchScreen.storyboard */ = {
			isa = PBXVariantGroup;
			children = (
				02AB3029222D9B76005F02AB /* Base */,
			);
			name = LaunchScreen.storyboard;
			sourceTree = "<group>";
		};
/* End PBXVariantGroup section */

/* Begin XCBuildConfiguration section */
		02AB3042222D9B76005F02AB /* Debug */ = {
			isa = XCBuildConfiguration;
			buildSettings = {
				ALWAYS_SEARCH_USER_PATHS = NO;
				CLANG_ANALYZER_NONNULL = YES;
				CLANG_ANALYZER_NUMBER_OBJECT_CONVERSION = YES_AGGRESSIVE;
				CLANG_CXX_LANGUAGE_STANDARD = "gnu++14";
				CLANG_CXX_LIBRARY = "libc++";
				CLANG_ENABLE_MODULES = YES;
				CLANG_ENABLE_OBJC_ARC = YES;
				CLANG_ENABLE_OBJC_WEAK = YES;
				CLANG_WARN_BLOCK_CAPTURE_AUTORELEASING = YES;
				CLANG_WARN_BOOL_CONVERSION = YES;
				CLANG_WARN_COMMA = YES;
				CLANG_WARN_CONSTANT_CONVERSION = YES;
				CLANG_WARN_DEPRECATED_OBJC_IMPLEMENTATIONS = YES;
				CLANG_WARN_DIRECT_OBJC_ISA_USAGE = YES_ERROR;
				CLANG_WARN_DOCUMENTATION_COMMENTS = YES;
				CLANG_WARN_EMPTY_BODY = YES;
				CLANG_WARN_ENUM_CONVERSION = YES;
				CLANG_WARN_INFINITE_RECURSION = YES;
				CLANG_WARN_INT_CONVERSION = YES;
				CLANG_WARN_NON_LITERAL_NULL_CONVERSION = YES;
				CLANG_WARN_OBJC_IMPLICIT_RETAIN_SELF = YES;
				CLANG_WARN_OBJC_LITERAL_CONVERSION = YES;
				CLANG_WARN_OBJC_ROOT_CLASS = YES_ERROR;
				CLANG_WARN_RANGE_LOOP_ANALYSIS = YES;
				CLANG_WARN_STRICT_PROTOTYPES = YES;
				CLANG_WARN_SUSPICIOUS_MOVE = YES;
				CLANG_WARN_UNGUARDED_AVAILABILITY = YES_AGGRESSIVE;
				CLANG_WARN_UNREACHABLE_CODE = YES;
				CLANG_WARN__DUPLICATE_METHOD_MATCH = YES;
				CODE_SIGN_IDENTITY = "iPhone Developer";
				COPY_PHASE_STRIP = NO;
				DEBUG_INFORMATION_FORMAT = dwarf;
				ENABLE_STRICT_OBJC_MSGSEND = YES;
				ENABLE_TESTABILITY = YES;
				GCC_C_LANGUAGE_STANDARD = gnu11;
				GCC_DYNAMIC_NO_PIC = NO;
				GCC_NO_COMMON_BLOCKS = YES;
				GCC_OPTIMIZATION_LEVEL = 0;
				GCC_PREPROCESSOR_DEFINITIONS = (
					"DEBUG=1",
					"$(inherited)",
				);
				GCC_WARN_64_TO_32_BIT_CONVERSION = YES;
				GCC_WARN_ABOUT_RETURN_TYPE = YES_ERROR;
				GCC_WARN_UNDECLARED_SELECTOR = YES;
				GCC_WARN_UNINITIALIZED_AUTOS = YES_AGGRESSIVE;
				GCC_WARN_UNUSED_FUNCTION = YES;
				GCC_WARN_UNUSED_VARIABLE = YES;
				IPHONEOS_DEPLOYMENT_TARGET = 12.1;
				MTL_ENABLE_DEBUG_INFO = INCLUDE_SOURCE;
				MTL_FAST_MATH = YES;
				ONLY_ACTIVE_ARCH = YES;
				SDKROOT = iphoneos;
				SWIFT_ACTIVE_COMPILATION_CONDITIONS = DEBUG;
				SWIFT_OPTIMIZATION_LEVEL = "-Onone";
			};
			name = Debug;
		};
		02AB3043222D9B76005F02AB /* Release */ = {
			isa = XCBuildConfiguration;
			buildSettings = {
				ALWAYS_SEARCH_USER_PATHS = NO;
				CLANG_ANALYZER_NONNULL = YES;
				CLANG_ANALYZER_NUMBER_OBJECT_CONVERSION = YES_AGGRESSIVE;
				CLANG_CXX_LANGUAGE_STANDARD = "gnu++14";
				CLANG_CXX_LIBRARY = "libc++";
				CLANG_ENABLE_MODULES = YES;
				CLANG_ENABLE_OBJC_ARC = YES;
				CLANG_ENABLE_OBJC_WEAK = YES;
				CLANG_WARN_BLOCK_CAPTURE_AUTORELEASING = YES;
				CLANG_WARN_BOOL_CONVERSION = YES;
				CLANG_WARN_COMMA = YES;
				CLANG_WARN_CONSTANT_CONVERSION = YES;
				CLANG_WARN_DEPRECATED_OBJC_IMPLEMENTATIONS = YES;
				CLANG_WARN_DIRECT_OBJC_ISA_USAGE = YES_ERROR;
				CLANG_WARN_DOCUMENTATION_COMMENTS = YES;
				CLANG_WARN_EMPTY_BODY = YES;
				CLANG_WARN_ENUM_CONVERSION = YES;
				CLANG_WARN_INFINITE_RECURSION = YES;
				CLANG_WARN_INT_CONVERSION = YES;
				CLANG_WARN_NON_LITERAL_NULL_CONVERSION = YES;
				CLANG_WARN_OBJC_IMPLICIT_RETAIN_SELF = YES;
				CLANG_WARN_OBJC_LITERAL_CONVERSION = YES;
				CLANG_WARN_OBJC_ROOT_CLASS = YES_ERROR;
				CLANG_WARN_RANGE_LOOP_ANALYSIS = YES;
				CLANG_WARN_STRICT_PROTOTYPES = YES;
				CLANG_WARN_SUSPICIOUS_MOVE = YES;
				CLANG_WARN_UNGUARDED_AVAILABILITY = YES_AGGRESSIVE;
				CLANG_WARN_UNREACHABLE_CODE = YES;
				CLANG_WARN__DUPLICATE_METHOD_MATCH = YES;
				CODE_SIGN_IDENTITY = "iPhone Developer";
				COPY_PHASE_STRIP = NO;
				DEBUG_INFORMATION_FORMAT = "dwarf-with-dsym";
				ENABLE_NS_ASSERTIONS = NO;
				ENABLE_STRICT_OBJC_MSGSEND = YES;
				GCC_C_LANGUAGE_STANDARD = gnu11;
				GCC_NO_COMMON_BLOCKS = YES;
				GCC_WARN_64_TO_32_BIT_CONVERSION = YES;
				GCC_WARN_ABOUT_RETURN_TYPE = YES_ERROR;
				GCC_WARN_UNDECLARED_SELECTOR = YES;
				GCC_WARN_UNINITIALIZED_AUTOS = YES_AGGRESSIVE;
				GCC_WARN_UNUSED_FUNCTION = YES;
				GCC_WARN_UNUSED_VARIABLE = YES;
				IPHONEOS_DEPLOYMENT_TARGET = 12.1;
				MTL_ENABLE_DEBUG_INFO = NO;
				MTL_FAST_MATH = YES;
				SDKROOT = iphoneos;
				SWIFT_COMPILATION_MODE = wholemodule;
				SWIFT_OPTIMIZATION_LEVEL = "-O";
				VALIDATE_PRODUCT = YES;
			};
			name = Release;
		};
		02AB3045222D9B76005F02AB /* Debug */ = {
			isa = XCBuildConfiguration;
			buildSettings = {
				ASSETCATALOG_COMPILER_APPICON_NAME = AppIcon;
				CODE_SIGN_STYLE = Automatic;
				INFOPLIST_FILE = Color/Info.plist;
				LD_RUNPATH_SEARCH_PATHS = (
					"$(inherited)",
					"@executable_path/Frameworks",
				);
				PRODUCT_BUNDLE_IDENTIFIER = nk.Color;
				PRODUCT_NAME = "$(TARGET_NAME)";
				SWIFT_VERSION = 4.2;
				TARGETED_DEVICE_FAMILY = "1,2";
			};
			name = Debug;
		};
		02AB3046222D9B76005F02AB /* Release */ = {
			isa = XCBuildConfiguration;
			buildSettings = {
				ASSETCATALOG_COMPILER_APPICON_NAME = AppIcon;
				CODE_SIGN_STYLE = Automatic;
				INFOPLIST_FILE = Color/Info.plist;
				LD_RUNPATH_SEARCH_PATHS = (
					"$(inherited)",
					"@executable_path/Frameworks",
				);
				PRODUCT_BUNDLE_IDENTIFIER = nk.Color;
				PRODUCT_NAME = "$(TARGET_NAME)";
				SWIFT_VERSION = 4.2;
				TARGETED_DEVICE_FAMILY = "1,2";
			};
			name = Release;
		};
		02AB3048222D9B76005F02AB /* Debug */ = {
			isa = XCBuildConfiguration;
			buildSettings = {
				ALWAYS_EMBED_SWIFT_STANDARD_LIBRARIES = YES;
				BUNDLE_LOADER = "$(TEST_HOST)";
				CODE_SIGN_STYLE = Automatic;
				INFOPLIST_FILE = ColorTests/Info.plist;
				LD_RUNPATH_SEARCH_PATHS = (
					"$(inherited)",
					"@executable_path/Frameworks",
					"@loader_path/Frameworks",
				);
				PRODUCT_BUNDLE_IDENTIFIER = nk.ColorTests;
				PRODUCT_NAME = "$(TARGET_NAME)";
				SWIFT_VERSION = 4.2;
				TARGETED_DEVICE_FAMILY = "1,2";
				TEST_HOST = "$(BUILT_PRODUCTS_DIR)/Color.app/Color";
			};
			name = Debug;
		};
		02AB3049222D9B76005F02AB /* Release */ = {
			isa = XCBuildConfiguration;
			buildSettings = {
				ALWAYS_EMBED_SWIFT_STANDARD_LIBRARIES = YES;
				BUNDLE_LOADER = "$(TEST_HOST)";
				CODE_SIGN_STYLE = Automatic;
				INFOPLIST_FILE = ColorTests/Info.plist;
				LD_RUNPATH_SEARCH_PATHS = (
					"$(inherited)",
					"@executable_path/Frameworks",
					"@loader_path/Frameworks",
				);
				PRODUCT_BUNDLE_IDENTIFIER = nk.ColorTests;
				PRODUCT_NAME = "$(TARGET_NAME)";
				SWIFT_VERSION = 4.2;
				TARGETED_DEVICE_FAMILY = "1,2";
				TEST_HOST = "$(BUILT_PRODUCTS_DIR)/Color.app/Color";
			};
			name = Release;
		};
		02AB304B222D9B76005F02AB /* Debug */ = {
			isa = XCBuildConfiguration;
			buildSettings = {
				ALWAYS_EMBED_SWIFT_STANDARD_LIBRARIES = YES;
				CODE_SIGN_STYLE = Automatic;
				INFOPLIST_FILE = ColorUITests/Info.plist;
				LD_RUNPATH_SEARCH_PATHS = (
					"$(inherited)",
					"@executable_path/Frameworks",
					"@loader_path/Frameworks",
				);
				PRODUCT_BUNDLE_IDENTIFIER = nk.ColorUITests;
				PRODUCT_NAME = "$(TARGET_NAME)";
				SWIFT_VERSION = 4.2;
				TARGETED_DEVICE_FAMILY = "1,2";
				TEST_TARGET_NAME = Color;
			};
			name = Debug;
		};
		02AB304C222D9B76005F02AB /* Release */ = {
			isa = XCBuildConfiguration;
			buildSettings = {
				ALWAYS_EMBED_SWIFT_STANDARD_LIBRARIES = YES;
				CODE_SIGN_STYLE = Automatic;
				INFOPLIST_FILE = ColorUITests/Info.plist;
				LD_RUNPATH_SEARCH_PATHS = (
					"$(inherited)",
					"@executable_path/Frameworks",
					"@loader_path/Frameworks",
				);
				PRODUCT_BUNDLE_IDENTIFIER = nk.ColorUITests;
				PRODUCT_NAME = "$(TARGET_NAME)";
				SWIFT_VERSION = 4.2;
				TARGETED_DEVICE_FAMILY = "1,2";
				TEST_TARGET_NAME = Color;
			};
			name = Release;
		};
/* End XCBuildConfiguration section */

/* Begin XCConfigurationList section */
		02AB3017222D9B75005F02AB /* Build configuration list for PBXProject "Color" */ = {
			isa = XCConfigurationList;
			buildConfigurations = (
				02AB3042222D9B76005F02AB /* Debug */,
				02AB3043222D9B76005F02AB /* Release */,
			);
			defaultConfigurationIsVisible = 0;
			defaultConfigurationName = Release;
		};
		02AB3044222D9B76005F02AB /* Build configuration list for PBXNativeTarget "Color" */ = {
			isa = XCConfigurationList;
			buildConfigurations = (
				02AB3045222D9B76005F02AB /* Debug */,
				02AB3046222D9B76005F02AB /* Release */,
			);
			defaultConfigurationIsVisible = 0;
			defaultConfigurationName = Release;
		};
		02AB3047222D9B76005F02AB /* Build configuration list for PBXNativeTarget "ColorTests" */ = {
			isa = XCConfigurationList;
			buildConfigurations = (
				02AB3048222D9B76005F02AB /* Debug */,
				02AB3049222D9B76005F02AB /* Release */,
			);
			defaultConfigurationIsVisible = 0;
			defaultConfigurationName = Release;
		};
		02AB304A222D9B76005F02AB /* Build configuration list for PBXNativeTarget "ColorUITests" */ = {
			isa = XCConfigurationList;
			buildConfigurations = (
				02AB304B222D9B76005F02AB /* Debug */,
				02AB304C222D9B76005F02AB /* Release */,
			);
			defaultConfigurationIsVisible = 0;
			defaultConfigurationName = Release;
		};
/* End XCConfigurationList section */
	};
	rootObject = 02AB3014222D9B75005F02AB /* Project object */;
}
